// !$*UTF8*$!
{
	archiveVersion = 1;
	classes = {
	};
	objectVersion = 77;
	objects = {

/* Begin PBXBuildFile section */
		00567F018E603279A80735A8 /* EditRendererTests.swift in Sources */ = {isa = PBXBuildFile; fileRef = 23D5A47B1630002BE67596A1 /* EditRendererTests.swift */; };
		0074D52169F7EA3291738D38 /* FilmStockStoreTests.swift in Sources */ = {isa = PBXBuildFile; fileRef = 753E17A3CC2C17EB5312E084 /* FilmStockStoreTests.swift */; };
		02B776C57296163D7BEF6CB4 /* FilmColor.swift in Sources */ = {isa = PBXBuildFile; fileRef = 8701AFF80F12C07B2E720244 /* FilmColor.swift */; };
		04F21DBAAAC3AADDE5DD5C67 /* FilmBaseSamplerTests.swift in Sources */ = {isa = PBXBuildFile; fileRef = F149A7BCF6E4C46589B0CE81 /* FilmBaseSamplerTests.swift */; };
		05D4E96C8C2611271B7F538D /* DevelopPreset.swift in Sources */ = {isa = PBXBuildFile; fileRef = FD7727FC10C7B8D01950ECED /* DevelopPreset.swift */; };
		09B0D82C3C5745338BC8FD37 /* AdjustmentTests.swift in Sources */ = {isa = PBXBuildFile; fileRef = 5C531F9374D1EF7EEE172C0B /* AdjustmentTests.swift */; };
		0E9C125BCDD2DD2C9B08B43A /* FilmPanel.swift in Sources */ = {isa = PBXBuildFile; fileRef = EC55460271E2A012E80DEEEC /* FilmPanel.swift */; };
		1A07019AE01EF5EA8374EF6B /* EditorModel.swift in Sources */ = {isa = PBXBuildFile; fileRef = CD897D60EAA5BF2C6D21704E /* EditorModel.swift */; };
		1F2E47439F4A2C335ECEA0B2 /* Theme.swift in Sources */ = {isa = PBXBuildFile; fileRef = 42064BDE271E9B76EFFD6DCC /* Theme.swift */; };
		2801D1F88AD81E588E5C21BC /* Histogram.swift in Sources */ = {isa = PBXBuildFile; fileRef = 8F149C1AC756E023AB4F09DE /* Histogram.swift */; };
		2EDFF08ECFDF4934C0EFAB81 /* PresetPanel.swift in Sources */ = {isa = PBXBuildFile; fileRef = 0ECAC9F574B3BA9437A1C07D /* PresetPanel.swift */; };
		310B7D3B22B71D0183447CFA /* PhotoEditorApp.swift in Sources */ = {isa = PBXBuildFile; fileRef = 94C1E1274B9578E787B28B1D /* PhotoEditorApp.swift */; };
		3DE235260D6D0BEE9761CADA /* GeometryTransform.swift in Sources */ = {isa = PBXBuildFile; fileRef = C231ACFC3FB91F21E619E47D /* GeometryTransform.swift */; };
		45466F838219CF7761A727B2 /* GeometryTests.swift in Sources */ = {isa = PBXBuildFile; fileRef = 091C43C1EDDF307D8B43C947 /* GeometryTests.swift */; };
		49AAE1733C7EC12F39B9DF3D /* Phase2Tests.swift in Sources */ = {isa = PBXBuildFile; fileRef = 955D38A421CE01C63316D878 /* Phase2Tests.swift */; };
		4E482C9D94B1F517A6F7C204 /* EditRenderer.swift in Sources */ = {isa = PBXBuildFile; fileRef = 85F12400FAB4E4E2D7B746A0 /* EditRenderer.swift */; };
		504B9D366CDBAA335D03B968 /* ColorMixerTests.swift in Sources */ = {isa = PBXBuildFile; fileRef = 267388D14FEE2777E922AC35 /* ColorMixerTests.swift */; };
		50FFEFFDDE4F09C8D399558B /* CatalogEntry.swift in Sources */ = {isa = PBXBuildFile; fileRef = 4AEC490941AE44AE87F8C99C /* CatalogEntry.swift */; };
		57D619727DA47A58B29D4CF8 /* EditStack.swift in Sources */ = {isa = PBXBuildFile; fileRef = B2B0E50E4F655388B03702D4 /* EditStack.swift */; };
		57DD920F5D4D11086F682CAF /* Geometry.swift in Sources */ = {isa = PBXBuildFile; fileRef = 25B5233289A7A627F06097F5 /* Geometry.swift */; };
		5874FF400B0872B7850891C2 /* LibrarySidebar.swift in Sources */ = {isa = PBXBuildFile; fileRef = 602AF91A44F0025239865F8D /* LibrarySidebar.swift */; };
		595C3CD80230ED514032E4E8 /* ColorCubeCache.swift in Sources */ = {isa = PBXBuildFile; fileRef = 4EBF2EA223C4B8FE88D0B38F /* ColorCubeCache.swift */; };
		602CF8DEF86DC9E6F658F4A2 /* EndToEndFilmTests.swift in Sources */ = {isa = PBXBuildFile; fileRef = AA726AC28295C6553FB58293 /* EndToEndFilmTests.swift */; };
		60A35DABA722DA72F962E386 /* FilmStock.swift in Sources */ = {isa = PBXBuildFile; fileRef = D7C39D72A549DFE7D38FA03F /* FilmStock.swift */; };
		6F99A4F9B42E6CDA9575E040 /* ExportServiceTests.swift in Sources */ = {isa = PBXBuildFile; fileRef = 1818774E9EBF3AF83A8D263C /* ExportServiceTests.swift */; };
		71F8DD407A0625EC745D4E3D /* WorkflowTests.swift in Sources */ = {isa = PBXBuildFile; fileRef = 78988AE124F31D425DB32C2F /* WorkflowTests.swift */; };
		7338731C6C7BD32B8F3190AE /* FilmNegativeConverter.swift in Sources */ = {isa = PBXBuildFile; fileRef = 89C718AEF739B1BABB07B61A /* FilmNegativeConverter.swift */; };
		73D7E31333173A0549FFEBDF /* FilmNegativeSettings.swift in Sources */ = {isa = PBXBuildFile; fileRef = 6D44ED9A48B2084F41BA8BFF /* FilmNegativeSettings.swift */; };
		78116024A8FFB53FFF097986 /* AppModel.swift in Sources */ = {isa = PBXBuildFile; fileRef = 3F42D8FE50D31A1366CC7206 /* AppModel.swift */; };
		78B7ACE09A4153BA0437CE5C /* FocusPeaking.swift in Sources */ = {isa = PBXBuildFile; fileRef = 4625C5AC7A6158F9CC38CD61 /* FocusPeaking.swift */; };
		79D25177A236D7A08A806296 /* ToneCurveEditor.swift in Sources */ = {isa = PBXBuildFile; fileRef = CD3C08F82B16D6BDB5FFB874 /* ToneCurveEditor.swift */; };
		7AA4147BAA32E55C1DBD9F04 /* ColorCubeBuilder.swift in Sources */ = {isa = PBXBuildFile; fileRef = 85D52DB3477D17588D27A6A3 /* ColorCubeBuilder.swift */; };
		7C57EAFB33A8061A0B57350B /* LenientDecoding.swift in Sources */ = {isa = PBXBuildFile; fileRef = 2C025E535BEBABD61B0AD7CF /* LenientDecoding.swift */; };
		8029E0360C35F25FE1988C2A /* FilmNegativeTests.swift in Sources */ = {isa = PBXBuildFile; fileRef = 1F0F02221B23D2E71FA941B7 /* FilmNegativeTests.swift */; };
		80A8CC2F6F74BECB531364DB /* HistogramView.swift in Sources */ = {isa = PBXBuildFile; fileRef = 5A2F971CBD017A251DD0D590 /* HistogramView.swift */; };
		80CB28FBE8B551CF1AC6A07B /* EditorUndoTests.swift in Sources */ = {isa = PBXBuildFile; fileRef = 7BC57BAA7162E62A571F24A6 /* EditorUndoTests.swift */; };
		84EEA5528D19459DFF8CBD8C /* CatalogStore.swift in Sources */ = {isa = PBXBuildFile; fileRef = 7C4B3091A6443432FE97A32E /* CatalogStore.swift */; };
		87051839B1B0878802EA87AF /* AdjustmentSlider.swift in Sources */ = {isa = PBXBuildFile; fileRef = CE7DEB7D3D87DF8FC4A992F8 /* AdjustmentSlider.swift */; };
		A537E63094B2875F0B5AB93B /* CanvasArea.swift in Sources */ = {isa = PBXBuildFile; fileRef = 22A2A7F2E531320ECECC92DF /* CanvasArea.swift */; };
		AD60EE40143A15C8FE0BC6BE /* CullingCommands.swift in Sources */ = {isa = PBXBuildFile; fileRef = 1166D48907F88359EBF4DA05 /* CullingCommands.swift */; };
		B19B7753F1618E46FB0C83E9 /* GRDB in Frameworks */ = {isa = PBXBuildFile; productRef = 3F4EDBF61BFD5A46628D40DB /* GRDB */; };
		B228E00387CE887C8402E17E /* EditorModelTests.swift in Sources */ = {isa = PBXBuildFile; fileRef = BD40FF611C66AC099F6A793E /* EditorModelTests.swift */; };
		B9EF8A6A2D3635E698B2294D /* FilmBaseSampler.swift in Sources */ = {isa = PBXBuildFile; fileRef = C2EDA462DA2F0278D71489A7 /* FilmBaseSampler.swift */; };
		BB4A129B5DD8EE0A16DF4850 /* ExportService.swift in Sources */ = {isa = PBXBuildFile; fileRef = DAA4A8702F7807BAA87F5D7C /* ExportService.swift */; };
		BB4B230C9FB8D4D3EFF1A34A /* GeometryPanel.swift in Sources */ = {isa = PBXBuildFile; fileRef = F604BD3B1BAF4790C94BE9F3 /* GeometryPanel.swift */; };
		BEE1A0ABE73BC3B8197529AF /* TestSupport.swift in Sources */ = {isa = PBXBuildFile; fileRef = C971C5547D7963F84FCD8C69 /* TestSupport.swift */; };
		BF88801122DE422375AA5BF4 /* SliderPanel.swift in Sources */ = {isa = PBXBuildFile; fileRef = E3A05E6894C8F88C3E2D98A6 /* SliderPanel.swift */; };
		D3058BEA6B891477F0E22411 /* ColorSettings.swift in Sources */ = {isa = PBXBuildFile; fileRef = 6B22E289B6818B14FC289C0C /* ColorSettings.swift */; };
		D339704FF72B9119410082EB /* ThumbnailGenerator.swift in Sources */ = {isa = PBXBuildFile; fileRef = 318A7023BA2D062B24B030DF /* ThumbnailGenerator.swift */; };
		DAFC5DB84B71E09ACD582F98 /* BatchExportSheet.swift in Sources */ = {isa = PBXBuildFile; fileRef = 3C04A9D24D3F8AC42ED6B246 /* BatchExportSheet.swift */; };
		DE8C9B6A3C18780EA70F2482 /* CatalogStoreTests.swift in Sources */ = {isa = PBXBuildFile; fileRef = BC9DB728B8B785B3660E525E /* CatalogStoreTests.swift */; };
		E773B9FE625A1E81218CE4A5 /* PhotoMetadata.swift in Sources */ = {isa = PBXBuildFile; fileRef = E9D15A748FF24B2B1214C31E /* PhotoMetadata.swift */; };
		EAE3C8107C52689454F0ECE7 /* ColorScience.swift in Sources */ = {isa = PBXBuildFile; fileRef = 732C7BCA2E7B9AFF5DD78424 /* ColorScience.swift */; };
		EE0DB89B116CD2E7F269A84D /* LumenFeatureTests.swift in Sources */ = {isa = PBXBuildFile; fileRef = 0D6106C96E36873E9FC2FA21 /* LumenFeatureTests.swift */; };
		F5B19249F5CFBF8823EC3F67 /* ImageDecoder.swift in Sources */ = {isa = PBXBuildFile; fileRef = 798CF687AF441778F974D6E6 /* ImageDecoder.swift */; };
		F89EAA1F8C7835B7D964611B /* ColorMixerPanel.swift in Sources */ = {isa = PBXBuildFile; fileRef = ECD1A535E136A75D553E6E18 /* ColorMixerPanel.swift */; };
/* End PBXBuildFile section */

/* Begin PBXContainerItemProxy section */
		700036BFAFE74A12BC95499B /* PBXContainerItemProxy */ = {
			isa = PBXContainerItemProxy;
			containerPortal = F4E6721A5EC820DA0BABAEB6 /* Project object */;
			proxyType = 1;
			remoteGlobalIDString = 7A02829E0E7B3FAD9BBCC52E;
			remoteInfo = PhotoEditor;
		};
/* End PBXContainerItemProxy section */

/* Begin PBXFileReference section */
		091C43C1EDDF307D8B43C947 /* GeometryTests.swift */ = {isa = PBXFileReference; lastKnownFileType = sourcecode.swift; path = GeometryTests.swift; sourceTree = "<group>"; };
		0D6106C96E36873E9FC2FA21 /* LumenFeatureTests.swift */ = {isa = PBXFileReference; lastKnownFileType = sourcecode.swift; path = LumenFeatureTests.swift; sourceTree = "<group>"; };
		0ECAC9F574B3BA9437A1C07D /* PresetPanel.swift */ = {isa = PBXFileReference; lastKnownFileType = sourcecode.swift; path = PresetPanel.swift; sourceTree = "<group>"; };
		1166D48907F88359EBF4DA05 /* CullingCommands.swift */ = {isa = PBXFileReference; lastKnownFileType = sourcecode.swift; path = CullingCommands.swift; sourceTree = "<group>"; };
		1818774E9EBF3AF83A8D263C /* ExportServiceTests.swift */ = {isa = PBXFileReference; lastKnownFileType = sourcecode.swift; path = ExportServiceTests.swift; sourceTree = "<group>"; };
		1F0F02221B23D2E71FA941B7 /* FilmNegativeTests.swift */ = {isa = PBXFileReference; lastKnownFileType = sourcecode.swift; path = FilmNegativeTests.swift; sourceTree = "<group>"; };
		22A2A7F2E531320ECECC92DF /* CanvasArea.swift */ = {isa = PBXFileReference; lastKnownFileType = sourcecode.swift; path = CanvasArea.swift; sourceTree = "<group>"; };
		23D5A47B1630002BE67596A1 /* EditRendererTests.swift */ = {isa = PBXFileReference; lastKnownFileType = sourcecode.swift; path = EditRendererTests.swift; sourceTree = "<group>"; };
		25B5233289A7A627F06097F5 /* Geometry.swift */ = {isa = PBXFileReference; lastKnownFileType = sourcecode.swift; path = Geometry.swift; sourceTree = "<group>"; };
		267388D14FEE2777E922AC35 /* ColorMixerTests.swift */ = {isa = PBXFileReference; lastKnownFileType = sourcecode.swift; path = ColorMixerTests.swift; sourceTree = "<group>"; };
		2C025E535BEBABD61B0AD7CF /* LenientDecoding.swift */ = {isa = PBXFileReference; lastKnownFileType = sourcecode.swift; path = LenientDecoding.swift; sourceTree = "<group>"; };
		2F1415087A748B8EEE199DF5 /* PhotoEditorTests.xctest */ = {isa = PBXFileReference; explicitFileType = wrapper.cfbundle; includeInIndex = 0; path = PhotoEditorTests.xctest; sourceTree = BUILT_PRODUCTS_DIR; };
		318A7023BA2D062B24B030DF /* ThumbnailGenerator.swift */ = {isa = PBXFileReference; lastKnownFileType = sourcecode.swift; path = ThumbnailGenerator.swift; sourceTree = "<group>"; };
		3C04A9D24D3F8AC42ED6B246 /* BatchExportSheet.swift */ = {isa = PBXFileReference; lastKnownFileType = sourcecode.swift; path = BatchExportSheet.swift; sourceTree = "<group>"; };
		3F42D8FE50D31A1366CC7206 /* AppModel.swift */ = {isa = PBXFileReference; lastKnownFileType = sourcecode.swift; path = AppModel.swift; sourceTree = "<group>"; };
		42064BDE271E9B76EFFD6DCC /* Theme.swift */ = {isa = PBXFileReference; lastKnownFileType = sourcecode.swift; path = Theme.swift; sourceTree = "<group>"; };
		4625C5AC7A6158F9CC38CD61 /* FocusPeaking.swift */ = {isa = PBXFileReference; lastKnownFileType = sourcecode.swift; path = FocusPeaking.swift; sourceTree = "<group>"; };
		4AEC490941AE44AE87F8C99C /* CatalogEntry.swift */ = {isa = PBXFileReference; lastKnownFileType = sourcecode.swift; path = CatalogEntry.swift; sourceTree = "<group>"; };
		4EBF2EA223C4B8FE88D0B38F /* ColorCubeCache.swift */ = {isa = PBXFileReference; lastKnownFileType = sourcecode.swift; path = ColorCubeCache.swift; sourceTree = "<group>"; };
		5A2F971CBD017A251DD0D590 /* HistogramView.swift */ = {isa = PBXFileReference; lastKnownFileType = sourcecode.swift; path = HistogramView.swift; sourceTree = "<group>"; };
		5C531F9374D1EF7EEE172C0B /* AdjustmentTests.swift */ = {isa = PBXFileReference; lastKnownFileType = sourcecode.swift; path = AdjustmentTests.swift; sourceTree = "<group>"; };
		602AF91A44F0025239865F8D /* LibrarySidebar.swift */ = {isa = PBXFileReference; lastKnownFileType = sourcecode.swift; path = LibrarySidebar.swift; sourceTree = "<group>"; };
		6B22E289B6818B14FC289C0C /* ColorSettings.swift */ = {isa = PBXFileReference; lastKnownFileType = sourcecode.swift; path = ColorSettings.swift; sourceTree = "<group>"; };
		6D44ED9A48B2084F41BA8BFF /* FilmNegativeSettings.swift */ = {isa = PBXFileReference; lastKnownFileType = sourcecode.swift; path = FilmNegativeSettings.swift; sourceTree = "<group>"; };
		732C7BCA2E7B9AFF5DD78424 /* ColorScience.swift */ = {isa = PBXFileReference; lastKnownFileType = sourcecode.swift; path = ColorScience.swift; sourceTree = "<group>"; };
		753E17A3CC2C17EB5312E084 /* FilmStockStoreTests.swift */ = {isa = PBXFileReference; lastKnownFileType = sourcecode.swift; path = FilmStockStoreTests.swift; sourceTree = "<group>"; };
		78988AE124F31D425DB32C2F /* WorkflowTests.swift */ = {isa = PBXFileReference; lastKnownFileType = sourcecode.swift; path = WorkflowTests.swift; sourceTree = "<group>"; };
		798CF687AF441778F974D6E6 /* ImageDecoder.swift */ = {isa = PBXFileReference; lastKnownFileType = sourcecode.swift; path = ImageDecoder.swift; sourceTree = "<group>"; };
		7BC57BAA7162E62A571F24A6 /* EditorUndoTests.swift */ = {isa = PBXFileReference; lastKnownFileType = sourcecode.swift; path = EditorUndoTests.swift; sourceTree = "<group>"; };
		7C4B3091A6443432FE97A32E /* CatalogStore.swift */ = {isa = PBXFileReference; lastKnownFileType = sourcecode.swift; path = CatalogStore.swift; sourceTree = "<group>"; };
		85D52DB3477D17588D27A6A3 /* ColorCubeBuilder.swift */ = {isa = PBXFileReference; lastKnownFileType = sourcecode.swift; path = ColorCubeBuilder.swift; sourceTree = "<group>"; };
		85F12400FAB4E4E2D7B746A0 /* EditRenderer.swift */ = {isa = PBXFileReference; lastKnownFileType = sourcecode.swift; path = EditRenderer.swift; sourceTree = "<group>"; };
		8701AFF80F12C07B2E720244 /* FilmColor.swift */ = {isa = PBXFileReference; lastKnownFileType = sourcecode.swift; path = FilmColor.swift; sourceTree = "<group>"; };
		89C718AEF739B1BABB07B61A /* FilmNegativeConverter.swift */ = {isa = PBXFileReference; lastKnownFileType = sourcecode.swift; path = FilmNegativeConverter.swift; sourceTree = "<group>"; };
		8E1A3561D6F755730260526D /* PhotoEditor.app */ = {isa = PBXFileReference; explicitFileType = wrapper.application; includeInIndex = 0; path = PhotoEditor.app; sourceTree = BUILT_PRODUCTS_DIR; };
		8F149C1AC756E023AB4F09DE /* Histogram.swift */ = {isa = PBXFileReference; lastKnownFileType = sourcecode.swift; path = Histogram.swift; sourceTree = "<group>"; };
		94C1E1274B9578E787B28B1D /* PhotoEditorApp.swift */ = {isa = PBXFileReference; lastKnownFileType = sourcecode.swift; path = PhotoEditorApp.swift; sourceTree = "<group>"; };
		955D38A421CE01C63316D878 /* Phase2Tests.swift */ = {isa = PBXFileReference; lastKnownFileType = sourcecode.swift; path = Phase2Tests.swift; sourceTree = "<group>"; };
		AA726AC28295C6553FB58293 /* EndToEndFilmTests.swift */ = {isa = PBXFileReference; lastKnownFileType = sourcecode.swift; path = EndToEndFilmTests.swift; sourceTree = "<group>"; };
		B2B0E50E4F655388B03702D4 /* EditStack.swift */ = {isa = PBXFileReference; lastKnownFileType = sourcecode.swift; path = EditStack.swift; sourceTree = "<group>"; };
		BC9DB728B8B785B3660E525E /* CatalogStoreTests.swift */ = {isa = PBXFileReference; lastKnownFileType = sourcecode.swift; path = CatalogStoreTests.swift; sourceTree = "<group>"; };
		BD40FF611C66AC099F6A793E /* EditorModelTests.swift */ = {isa = PBXFileReference; lastKnownFileType = sourcecode.swift; path = EditorModelTests.swift; sourceTree = "<group>"; };
		C231ACFC3FB91F21E619E47D /* GeometryTransform.swift */ = {isa = PBXFileReference; lastKnownFileType = sourcecode.swift; path = GeometryTransform.swift; sourceTree = "<group>"; };
		C2EDA462DA2F0278D71489A7 /* FilmBaseSampler.swift */ = {isa = PBXFileReference; lastKnownFileType = sourcecode.swift; path = FilmBaseSampler.swift; sourceTree = "<group>"; };
		C971C5547D7963F84FCD8C69 /* TestSupport.swift */ = {isa = PBXFileReference; lastKnownFileType = sourcecode.swift; path = TestSupport.swift; sourceTree = "<group>"; };
		CD3C08F82B16D6BDB5FFB874 /* ToneCurveEditor.swift */ = {isa = PBXFileReference; lastKnownFileType = sourcecode.swift; path = ToneCurveEditor.swift; sourceTree = "<group>"; };
		CD897D60EAA5BF2C6D21704E /* EditorModel.swift */ = {isa = PBXFileReference; lastKnownFileType = sourcecode.swift; path = EditorModel.swift; sourceTree = "<group>"; };
		CE7DEB7D3D87DF8FC4A992F8 /* AdjustmentSlider.swift */ = {isa = PBXFileReference; lastKnownFileType = sourcecode.swift; path = AdjustmentSlider.swift; sourceTree = "<group>"; };
		D7C39D72A549DFE7D38FA03F /* FilmStock.swift */ = {isa = PBXFileReference; lastKnownFileType = sourcecode.swift; path = FilmStock.swift; sourceTree = "<group>"; };
		DAA4A8702F7807BAA87F5D7C /* ExportService.swift */ = {isa = PBXFileReference; lastKnownFileType = sourcecode.swift; path = ExportService.swift; sourceTree = "<group>"; };
		E3A05E6894C8F88C3E2D98A6 /* SliderPanel.swift */ = {isa = PBXFileReference; lastKnownFileType = sourcecode.swift; path = SliderPanel.swift; sourceTree = "<group>"; };
		E9D15A748FF24B2B1214C31E /* PhotoMetadata.swift */ = {isa = PBXFileReference; lastKnownFileType = sourcecode.swift; path = PhotoMetadata.swift; sourceTree = "<group>"; };
		EC55460271E2A012E80DEEEC /* FilmPanel.swift */ = {isa = PBXFileReference; lastKnownFileType = sourcecode.swift; path = FilmPanel.swift; sourceTree = "<group>"; };
		ECD1A535E136A75D553E6E18 /* ColorMixerPanel.swift */ = {isa = PBXFileReference; lastKnownFileType = sourcecode.swift; path = ColorMixerPanel.swift; sourceTree = "<group>"; };
		F149A7BCF6E4C46589B0CE81 /* FilmBaseSamplerTests.swift */ = {isa = PBXFileReference; lastKnownFileType = sourcecode.swift; path = FilmBaseSamplerTests.swift; sourceTree = "<group>"; };
		F604BD3B1BAF4790C94BE9F3 /* GeometryPanel.swift */ = {isa = PBXFileReference; lastKnownFileType = sourcecode.swift; path = GeometryPanel.swift; sourceTree = "<group>"; };
		FD7727FC10C7B8D01950ECED /* DevelopPreset.swift */ = {isa = PBXFileReference; lastKnownFileType = sourcecode.swift; path = DevelopPreset.swift; sourceTree = "<group>"; };
/* End PBXFileReference section */

/* Begin PBXFrameworksBuildPhase section */
		3F3159ACCDE7C0928441C4B4 /* Frameworks */ = {
			isa = PBXFrameworksBuildPhase;
			buildActionMask = 2147483647;
			files = (
				B19B7753F1618E46FB0C83E9 /* GRDB in Frameworks */,
			);
			runOnlyForDeploymentPostprocessing = 0;
		};
/* End PBXFrameworksBuildPhase section */

/* Begin PBXGroup section */
		28EA92AFF23D93C826EF8644 /* Sources */ = {
			isa = PBXGroup;
			children = (
				EF1538382E6F728E5A4EFED4 /* App */,
				567BBBED0FC3839535F173AE /* Catalog */,
				81B077B77CC90425E2D381A6 /* Film */,
				AC08D28F5F70E0C7286E9FA5 /* Models */,
				C5FCC8CF70CFE6A964DFE1CD /* Pipeline */,
				654B59387D615AA1657113CA /* Views */,
			);
			path = Sources;
			sourceTree = "<group>";
		};
		31AE93292EE52B480745B546 = {
			isa = PBXGroup;
			children = (
				28EA92AFF23D93C826EF8644 /* Sources */,
				819E5DD9D0CB05C1E7800252 /* Tests */,
				FB95B90DF6EE78A33B569F6B /* Products */,
			);
			sourceTree = "<group>";
		};
		567BBBED0FC3839535F173AE /* Catalog */ = {
			isa = PBXGroup;
			children = (
				7C4B3091A6443432FE97A32E /* CatalogStore.swift */,
				E9D15A748FF24B2B1214C31E /* PhotoMetadata.swift */,
				318A7023BA2D062B24B030DF /* ThumbnailGenerator.swift */,
			);
			path = Catalog;
			sourceTree = "<group>";
		};
		654B59387D615AA1657113CA /* Views */ = {
			isa = PBXGroup;
			children = (
				3C04A9D24D3F8AC42ED6B246 /* BatchExportSheet.swift */,
				22A2A7F2E531320ECECC92DF /* CanvasArea.swift */,
				1166D48907F88359EBF4DA05 /* CullingCommands.swift */,
				CD897D60EAA5BF2C6D21704E /* EditorModel.swift */,
				5A2F971CBD017A251DD0D590 /* HistogramView.swift */,
				602AF91A44F0025239865F8D /* LibrarySidebar.swift */,
				42064BDE271E9B76EFFD6DCC /* Theme.swift */,
				E37EADA26F247A3BA96152BC /* SliderPanel */,
			);
			path = Views;
			sourceTree = "<group>";
		};
		819E5DD9D0CB05C1E7800252 /* Tests */ = {
			isa = PBXGroup;
			children = (
				5C531F9374D1EF7EEE172C0B /* AdjustmentTests.swift */,
				BC9DB728B8B785B3660E525E /* CatalogStoreTests.swift */,
				267388D14FEE2777E922AC35 /* ColorMixerTests.swift */,
				BD40FF611C66AC099F6A793E /* EditorModelTests.swift */,
				7BC57BAA7162E62A571F24A6 /* EditorUndoTests.swift */,
				23D5A47B1630002BE67596A1 /* EditRendererTests.swift */,
				AA726AC28295C6553FB58293 /* EndToEndFilmTests.swift */,
				1818774E9EBF3AF83A8D263C /* ExportServiceTests.swift */,
				F149A7BCF6E4C46589B0CE81 /* FilmBaseSamplerTests.swift */,
				1F0F02221B23D2E71FA941B7 /* FilmNegativeTests.swift */,
				753E17A3CC2C17EB5312E084 /* FilmStockStoreTests.swift */,
				091C43C1EDDF307D8B43C947 /* GeometryTests.swift */,
				0D6106C96E36873E9FC2FA21 /* LumenFeatureTests.swift */,
				955D38A421CE01C63316D878 /* Phase2Tests.swift */,
				C971C5547D7963F84FCD8C69 /* TestSupport.swift */,
				78988AE124F31D425DB32C2F /* WorkflowTests.swift */,
			);
			path = Tests;
			sourceTree = "<group>";
		};
		81B077B77CC90425E2D381A6 /* Film */ = {
			isa = PBXGroup;
			children = (
				C2EDA462DA2F0278D71489A7 /* FilmBaseSampler.swift */,
				8701AFF80F12C07B2E720244 /* FilmColor.swift */,
				89C718AEF739B1BABB07B61A /* FilmNegativeConverter.swift */,
				6D44ED9A48B2084F41BA8BFF /* FilmNegativeSettings.swift */,
				D7C39D72A549DFE7D38FA03F /* FilmStock.swift */,
			);
			path = Film;
			sourceTree = "<group>";
		};
		AC08D28F5F70E0C7286E9FA5 /* Models */ = {
			isa = PBXGroup;
			children = (
				4AEC490941AE44AE87F8C99C /* CatalogEntry.swift */,
				6B22E289B6818B14FC289C0C /* ColorSettings.swift */,
				FD7727FC10C7B8D01950ECED /* DevelopPreset.swift */,
				B2B0E50E4F655388B03702D4 /* EditStack.swift */,
				25B5233289A7A627F06097F5 /* Geometry.swift */,
				2C025E535BEBABD61B0AD7CF /* LenientDecoding.swift */,
			);
			path = Models;
			sourceTree = "<group>";
		};
		C5FCC8CF70CFE6A964DFE1CD /* Pipeline */ = {
			isa = PBXGroup;
			children = (
				85D52DB3477D17588D27A6A3 /* ColorCubeBuilder.swift */,
				4EBF2EA223C4B8FE88D0B38F /* ColorCubeCache.swift */,
				732C7BCA2E7B9AFF5DD78424 /* ColorScience.swift */,
				85F12400FAB4E4E2D7B746A0 /* EditRenderer.swift */,
				DAA4A8702F7807BAA87F5D7C /* ExportService.swift */,
				4625C5AC7A6158F9CC38CD61 /* FocusPeaking.swift */,
				C231ACFC3FB91F21E619E47D /* GeometryTransform.swift */,
				8F149C1AC756E023AB4F09DE /* Histogram.swift */,
				798CF687AF441778F974D6E6 /* ImageDecoder.swift */,
			);
			path = Pipeline;
			sourceTree = "<group>";
		};
		E37EADA26F247A3BA96152BC /* SliderPanel */ = {
			isa = PBXGroup;
			children = (
				CE7DEB7D3D87DF8FC4A992F8 /* AdjustmentSlider.swift */,
				ECD1A535E136A75D553E6E18 /* ColorMixerPanel.swift */,
				EC55460271E2A012E80DEEEC /* FilmPanel.swift */,
				F604BD3B1BAF4790C94BE9F3 /* GeometryPanel.swift */,
				0ECAC9F574B3BA9437A1C07D /* PresetPanel.swift */,
				E3A05E6894C8F88C3E2D98A6 /* SliderPanel.swift */,
				CD3C08F82B16D6BDB5FFB874 /* ToneCurveEditor.swift */,
			);
			path = SliderPanel;
			sourceTree = "<group>";
		};
		EF1538382E6F728E5A4EFED4 /* App */ = {
			isa = PBXGroup;
			children = (
				3F42D8FE50D31A1366CC7206 /* AppModel.swift */,
				94C1E1274B9578E787B28B1D /* PhotoEditorApp.swift */,
			);
			path = App;
			sourceTree = "<group>";
		};
		FB95B90DF6EE78A33B569F6B /* Products */ = {
			isa = PBXGroup;
			children = (
				8E1A3561D6F755730260526D /* PhotoEditor.app */,
				2F1415087A748B8EEE199DF5 /* PhotoEditorTests.xctest */,
			);
			name = Products;
			sourceTree = "<group>";
		};
/* End PBXGroup section */

/* Begin PBXNativeTarget section */
		42531D1531B65A624EC5C1A6 /* PhotoEditorTests */ = {
			isa = PBXNativeTarget;
			buildConfigurationList = 29A44987D76D5494322C14F8 /* Build configuration list for PBXNativeTarget "PhotoEditorTests" */;
			buildPhases = (
				56AED072424B1515986CF413 /* Sources */,
			);
			buildRules = (
			);
			dependencies = (
				99021C51276087E1EB23EB61 /* PBXTargetDependency */,
			);
			name = PhotoEditorTests;
			packageProductDependencies = (
			);
			productName = PhotoEditorTests;
			productReference = 2F1415087A748B8EEE199DF5 /* PhotoEditorTests.xctest */;
			productType = "com.apple.product-type.bundle.unit-test";
		};
		7A02829E0E7B3FAD9BBCC52E /* PhotoEditor */ = {
			isa = PBXNativeTarget;
			buildConfigurationList = FA320B698FC050B3607B76E4 /* Build configuration list for PBXNativeTarget "PhotoEditor" */;
			buildPhases = (
				C372FD16177E08FFF1722349 /* Sources */,
				3F3159ACCDE7C0928441C4B4 /* Frameworks */,
			);
			buildRules = (
			);
			dependencies = (
			);
			name = PhotoEditor;
			packageProductDependencies = (
				3F4EDBF61BFD5A46628D40DB /* GRDB */,
			);
			productName = PhotoEditor;
			productReference = 8E1A3561D6F755730260526D /* PhotoEditor.app */;
			productType = "com.apple.product-type.application";
		};
/* End PBXNativeTarget section */

/* Begin PBXProject section */
		F4E6721A5EC820DA0BABAEB6 /* Project object */ = {
			isa = PBXProject;
			attributes = {
				BuildIndependentTargetsInParallel = YES;
				LastUpgradeCheck = 1430;
				TargetAttributes = {
					42531D1531B65A624EC5C1A6 = {
						ProvisioningStyle = Manual;
					};
					7A02829E0E7B3FAD9BBCC52E = {
						ProvisioningStyle = Manual;
					};
				};
			};
			buildConfigurationList = 027CC7B61B0C9EBDF73DE227 /* Build configuration list for PBXProject "PhotoEditor" */;
			developmentRegion = en;
			hasScannedForEncodings = 0;
			knownRegions = (
				Base,
				en,
			);
			mainGroup = 31AE93292EE52B480745B546;
			minimizedProjectReferenceProxies = 1;
			packageReferences = (
				310DA6CF71D7F43E388FA48C /* XCRemoteSwiftPackageReference "GRDB.swift" */,
			);
			preferredProjectObjectVersion = 77;
			productRefGroup = FB95B90DF6EE78A33B569F6B /* Products */;
			projectDirPath = "";
			projectRoot = "";
			targets = (
				7A02829E0E7B3FAD9BBCC52E /* PhotoEditor */,
				42531D1531B65A624EC5C1A6 /* PhotoEditorTests */,
			);
		};
/* End PBXProject section */

/* Begin PBXSourcesBuildPhase section */
		56AED072424B1515986CF413 /* Sources */ = {
			isa = PBXSourcesBuildPhase;
			buildActionMask = 2147483647;
			files = (
				09B0D82C3C5745338BC8FD37 /* AdjustmentTests.swift in Sources */,
				DE8C9B6A3C18780EA70F2482 /* CatalogStoreTests.swift in Sources */,
				504B9D366CDBAA335D03B968 /* ColorMixerTests.swift in Sources */,
				00567F018E603279A80735A8 /* EditRendererTests.swift in Sources */,
				B228E00387CE887C8402E17E /* EditorModelTests.swift in Sources */,
				80CB28FBE8B551CF1AC6A07B /* EditorUndoTests.swift in Sources */,
				602CF8DEF86DC9E6F658F4A2 /* EndToEndFilmTests.swift in Sources */,
				6F99A4F9B42E6CDA9575E040 /* ExportServiceTests.swift in Sources */,
				04F21DBAAAC3AADDE5DD5C67 /* FilmBaseSamplerTests.swift in Sources */,
				8029E0360C35F25FE1988C2A /* FilmNegativeTests.swift in Sources */,
				0074D52169F7EA3291738D38 /* FilmStockStoreTests.swift in Sources */,
				45466F838219CF7761A727B2 /* GeometryTests.swift in Sources */,
				EE0DB89B116CD2E7F269A84D /* LumenFeatureTests.swift in Sources */,
				49AAE1733C7EC12F39B9DF3D /* Phase2Tests.swift in Sources */,
				BEE1A0ABE73BC3B8197529AF /* TestSupport.swift in Sources */,
				71F8DD407A0625EC745D4E3D /* WorkflowTests.swift in Sources */,
			);
			runOnlyForDeploymentPostprocessing = 0;
		};
		C372FD16177E08FFF1722349 /* Sources */ = {
			isa = PBXSourcesBuildPhase;
			buildActionMask = 2147483647;
			files = (
				87051839B1B0878802EA87AF /* AdjustmentSlider.swift in Sources */,
				78116024A8FFB53FFF097986 /* AppModel.swift in Sources */,
				DAFC5DB84B71E09ACD582F98 /* BatchExportSheet.swift in Sources */,
				A537E63094B2875F0B5AB93B /* CanvasArea.swift in Sources */,
				50FFEFFDDE4F09C8D399558B /* CatalogEntry.swift in Sources */,
				84EEA5528D19459DFF8CBD8C /* CatalogStore.swift in Sources */,
				7AA4147BAA32E55C1DBD9F04 /* ColorCubeBuilder.swift in Sources */,
				595C3CD80230ED514032E4E8 /* ColorCubeCache.swift in Sources */,
				F89EAA1F8C7835B7D964611B /* ColorMixerPanel.swift in Sources */,
				EAE3C8107C52689454F0ECE7 /* ColorScience.swift in Sources */,
				D3058BEA6B891477F0E22411 /* ColorSettings.swift in Sources */,
				AD60EE40143A15C8FE0BC6BE /* CullingCommands.swift in Sources */,
				05D4E96C8C2611271B7F538D /* DevelopPreset.swift in Sources */,
				4E482C9D94B1F517A6F7C204 /* EditRenderer.swift in Sources */,
				57D619727DA47A58B29D4CF8 /* EditStack.swift in Sources */,
				1A07019AE01EF5EA8374EF6B /* EditorModel.swift in Sources */,
				BB4A129B5DD8EE0A16DF4850 /* ExportService.swift in Sources */,
				B9EF8A6A2D3635E698B2294D /* FilmBaseSampler.swift in Sources */,
				02B776C57296163D7BEF6CB4 /* FilmColor.swift in Sources */,
				7338731C6C7BD32B8F3190AE /* FilmNegativeConverter.swift in Sources */,
				73D7E31333173A0549FFEBDF /* FilmNegativeSettings.swift in Sources */,
				0E9C125BCDD2DD2C9B08B43A /* FilmPanel.swift in Sources */,
				60A35DABA722DA72F962E386 /* FilmStock.swift in Sources */,
				78B7ACE09A4153BA0437CE5C /* FocusPeaking.swift in Sources */,
				57DD920F5D4D11086F682CAF /* Geometry.swift in Sources */,
				BB4B230C9FB8D4D3EFF1A34A /* GeometryPanel.swift in Sources */,
				3DE235260D6D0BEE9761CADA /* GeometryTransform.swift in Sources */,
				2801D1F88AD81E588E5C21BC /* Histogram.swift in Sources */,
				80A8CC2F6F74BECB531364DB /* HistogramView.swift in Sources */,
				F5B19249F5CFBF8823EC3F67 /* ImageDecoder.swift in Sources */,
				7C57EAFB33A8061A0B57350B /* LenientDecoding.swift in Sources */,
				5874FF400B0872B7850891C2 /* LibrarySidebar.swift in Sources */,
				310B7D3B22B71D0183447CFA /* PhotoEditorApp.swift in Sources */,
				E773B9FE625A1E81218CE4A5 /* PhotoMetadata.swift in Sources */,
				2EDFF08ECFDF4934C0EFAB81 /* PresetPanel.swift in Sources */,
				BF88801122DE422375AA5BF4 /* SliderPanel.swift in Sources */,
				1F2E47439F4A2C335ECEA0B2 /* Theme.swift in Sources */,
				D339704FF72B9119410082EB /* ThumbnailGenerator.swift in Sources */,
				79D25177A236D7A08A806296 /* ToneCurveEditor.swift in Sources */,
			);
			runOnlyForDeploymentPostprocessing = 0;
		};
/* End PBXSourcesBuildPhase section */

/* Begin PBXTargetDependency section */
		99021C51276087E1EB23EB61 /* PBXTargetDependency */ = {
			isa = PBXTargetDependency;
			target = 7A02829E0E7B3FAD9BBCC52E /* PhotoEditor */;
			targetProxy = 700036BFAFE74A12BC95499B /* PBXContainerItemProxy */;
		};
/* End PBXTargetDependency section */

/* Begin XCBuildConfiguration section */
		32CDCAA772BAEE7D1B91C8F2 /* Release */ = {
			isa = XCBuildConfiguration;
			buildSettings = {
				ASSETCATALOG_COMPILER_APPICON_NAME = AppIcon;
				COMBINE_HIDPI_IMAGES = YES;
				GENERATE_INFOPLIST_FILE = YES;
				INFOPLIST_KEY_CFBundleDisplayName = PhotoEditor;
				INFOPLIST_KEY_LSApplicationCategoryType = "public.app-category.photography";
				INFOPLIST_KEY_NSHumanReadableCopyright = "";
				LD_RUNPATH_SEARCH_PATHS = (
					"$(inherited)",
					"@executable_path/../Frameworks",
				);
				PRODUCT_BUNDLE_IDENTIFIER = com.photoeditor.app;
				PRODUCT_NAME = PhotoEditor;
				SDKROOT = macosx;
			};
			name = Release;
		};
		416AEC8C65F4A3A41A44CE09 /* Debug */ = {
			isa = XCBuildConfiguration;
			buildSettings = {
				BUNDLE_LOADER = "$(TEST_HOST)";
				COMBINE_HIDPI_IMAGES = YES;
				GENERATE_INFOPLIST_FILE = YES;
				LD_RUNPATH_SEARCH_PATHS = (
					"$(inherited)",
					"@executable_path/../Frameworks",
					"@loader_path/../Frameworks",
				);
				PRODUCT_BUNDLE_IDENTIFIER = com.photoeditor.tests;
				SDKROOT = macosx;
				TEST_HOST = "$(BUILT_PRODUCTS_DIR)/PhotoEditor.app/Contents/MacOS/PhotoEditor";
			};
			name = Debug;
		};
		83968B756F5B9C635A315128 /* Debug */ = {
			isa = XCBuildConfiguration;
			buildSettings = {
				ALWAYS_SEARCH_USER_PATHS = NO;
				CLANG_ANALYZER_NONNULL = YES;
				CLANG_ANALYZER_NUMBER_OBJECT_CONVERSION = YES_AGGRESSIVE;
				CLANG_CXX_LANGUAGE_STANDARD = "gnu++14";
				CLANG_CXX_LIBRARY = "libc++";
				CLANG_ENABLE_MODULES = YES;
				CLANG_ENABLE_OBJC_ARC = YES;
				CLANG_ENABLE_OBJC_WEAK = YES;
				CLANG_WARN_BLOCK_CAPTURE_AUTORELEASING = YES;
				CLANG_WARN_BOOL_CONVERSION = YES;
				CLANG_WARN_COMMA = YES;
				CLANG_WARN_CONSTANT_CONVERSION = YES;
				CLANG_WARN_DEPRECATED_OBJC_IMPLEMENTATIONS = YES;
				CLANG_WARN_DIRECT_OBJC_ISA_USAGE = YES_ERROR;
				CLANG_WARN_DOCUMENTATION_COMMENTS = YES;
				CLANG_WARN_EMPTY_BODY = YES;
				CLANG_WARN_ENUM_CONVERSION = YES;
				CLANG_WARN_INFINITE_RECURSION = YES;
				CLANG_WARN_INT_CONVERSION = YES;
				CLANG_WARN_NON_LITERAL_NULL_CONVERSION = YES;
				CLANG_WARN_OBJC_IMPLICIT_RETAIN_SELF = YES;
				CLANG_WARN_OBJC_LITERAL_CONVERSION = YES;
				CLANG_WARN_OBJC_ROOT_CLASS = YES_ERROR;
				CLANG_WARN_QUOTED_INCLUDE_IN_FRAMEWORK_HEADER = YES;
				CLANG_WARN_RANGE_LOOP_ANALYSIS = YES;
				CLANG_WARN_STRICT_PROTOTYPES = YES;
				CLANG_WARN_SUSPICIOUS_MOVE = YES;
				CLANG_WARN_UNGUARDED_AVAILABILITY = YES_AGGRESSIVE;
				CLANG_WARN_UNREACHABLE_CODE = YES;
				CLANG_WARN__DUPLICATE_METHOD_MATCH = YES;
				CODE_SIGN_IDENTITY = "-";
				CODE_SIGN_STYLE = Manual;
				COPY_PHASE_STRIP = NO;
				CURRENT_PROJECT_VERSION = 1;
				DEBUG_INFORMATION_FORMAT = dwarf;
				ENABLE_HARDENED_RUNTIME = NO;
				ENABLE_STRICT_OBJC_MSGSEND = YES;
				ENABLE_TESTABILITY = YES;
				GCC_C_LANGUAGE_STANDARD = gnu11;
				GCC_DYNAMIC_NO_PIC = NO;
				GCC_NO_COMMON_BLOCKS = YES;
				GCC_OPTIMIZATION_LEVEL = 0;
				GCC_PREPROCESSOR_DEFINITIONS = (
					"$(inherited)",
					"DEBUG=1",
				);
				GCC_WARN_64_TO_32_BIT_CONVERSION = YES;
				GCC_WARN_ABOUT_RETURN_TYPE = YES_ERROR;
				GCC_WARN_UNDECLARED_SELECTOR = YES;
				GCC_WARN_UNINITIALIZED_AUTOS = YES_AGGRESSIVE;
				GCC_WARN_UNUSED_FUNCTION = YES;
				GCC_WARN_UNUSED_VARIABLE = YES;
				MACOSX_DEPLOYMENT_TARGET = 14.0;
				MARKETING_VERSION = 0.1.0;
				MTL_ENABLE_DEBUG_INFO = INCLUDE_SOURCE;
				MTL_FAST_MATH = YES;
				ONLY_ACTIVE_ARCH = YES;
				PRODUCT_NAME = "$(TARGET_NAME)";
				SDKROOT = macosx;
				SWIFT_ACTIVE_COMPILATION_CONDITIONS = DEBUG;
				SWIFT_OPTIMIZATION_LEVEL = "-Onone";
				SWIFT_VERSION = 5.0;
			};
			name = Debug;
		};
		83A4EB85FC9E7AE2557F796D /* Release */ = {
			isa = XCBuildConfiguration;
			buildSettings = {
				BUNDLE_LOADER = "$(TEST_HOST)";
				COMBINE_HIDPI_IMAGES = YES;
				GENERATE_INFOPLIST_FILE = YES;
				LD_RUNPATH_SEARCH_PATHS = (
					"$(inherited)",
					"@executable_path/../Frameworks",
					"@loader_path/../Frameworks",
				);
				PRODUCT_BUNDLE_IDENTIFIER = com.photoeditor.tests;
				SDKROOT = macosx;
				TEST_HOST = "$(BUILT_PRODUCTS_DIR)/PhotoEditor.app/Contents/MacOS/PhotoEditor";
			};
			name = Release;
		};
		9291546A7621DB36D938C800 /* Release */ = {
			isa = XCBuildConfiguration;
			buildSettings = {
				ALWAYS_SEARCH_USER_PATHS = NO;
				CLANG_ANALYZER_NONNULL = YES;
				CLANG_ANALYZER_NUMBER_OBJECT_CONVERSION = YES_AGGRESSIVE;
				CLANG_CXX_LANGUAGE_STANDARD = "gnu++14";
				CLANG_CXX_LIBRARY = "libc++";
				CLANG_ENABLE_MODULES = YES;
				CLANG_ENABLE_OBJC_ARC = YES;
				CLANG_ENABLE_OBJC_WEAK = YES;
				CLANG_WARN_BLOCK_CAPTURE_AUTORELEASING = YES;
				CLANG_WARN_BOOL_CONVERSION = YES;
				CLANG_WARN_COMMA = YES;
				CLANG_WARN_CONSTANT_CONVERSION = YES;
				CLANG_WARN_DEPRECATED_OBJC_IMPLEMENTATIONS = YES;
				CLANG_WARN_DIRECT_OBJC_ISA_USAGE = YES_ERROR;
				CLANG_WARN_DOCUMENTATION_COMMENTS = YES;
				CLANG_WARN_EMPTY_BODY = YES;
				CLANG_WARN_ENUM_CONVERSION = YES;
				CLANG_WARN_INFINITE_RECURSION = YES;
				CLANG_WARN_INT_CONVERSION = YES;
				CLANG_WARN_NON_LITERAL_NULL_CONVERSION = YES;
				CLANG_WARN_OBJC_IMPLICIT_RETAIN_SELF = YES;
				CLANG_WARN_OBJC_LITERAL_CONVERSION = YES;
				CLANG_WARN_OBJC_ROOT_CLASS = YES_ERROR;
				CLANG_WARN_QUOTED_INCLUDE_IN_FRAMEWORK_HEADER = YES;
				CLANG_WARN_RANGE_LOOP_ANALYSIS = YES;
				CLANG_WARN_STRICT_PROTOTYPES = YES;
				CLANG_WARN_SUSPICIOUS_MOVE = YES;
				CLANG_WARN_UNGUARDED_AVAILABILITY = YES_AGGRESSIVE;
				CLANG_WARN_UNREACHABLE_CODE = YES;
				CLANG_WARN__DUPLICATE_METHOD_MATCH = YES;
				CODE_SIGN_IDENTITY = "-";
				CODE_SIGN_STYLE = Manual;
				COPY_PHASE_STRIP = NO;
				CURRENT_PROJECT_VERSION = 1;
				DEBUG_INFORMATION_FORMAT = "dwarf-with-dsym";
				ENABLE_HARDENED_RUNTIME = NO;
				ENABLE_NS_ASSERTIONS = NO;
				ENABLE_STRICT_OBJC_MSGSEND = YES;
				GCC_C_LANGUAGE_STANDARD = gnu11;
				GCC_NO_COMMON_BLOCKS = YES;
				GCC_WARN_64_TO_32_BIT_CONVERSION = YES;
				GCC_WARN_ABOUT_RETURN_TYPE = YES_ERROR;
				GCC_WARN_UNDECLARED_SELECTOR = YES;
				GCC_WARN_UNINITIALIZED_AUTOS = YES_AGGRESSIVE;
				GCC_WARN_UNUSED_FUNCTION = YES;
				GCC_WARN_UNUSED_VARIABLE = YES;
				MACOSX_DEPLOYMENT_TARGET = 14.0;
				MARKETING_VERSION = 0.1.0;
				MTL_ENABLE_DEBUG_INFO = NO;
				MTL_FAST_MATH = YES;
				PRODUCT_NAME = "$(TARGET_NAME)";
				SDKROOT = macosx;
				SWIFT_COMPILATION_MODE = wholemodule;
				SWIFT_OPTIMIZATION_LEVEL = "-O";
				SWIFT_VERSION = 5.0;
			};
			name = Release;
		};
		C916B94E7E088387D04024E7 /* Debug */ = {
			isa = XCBuildConfiguration;
			buildSettings = {
				ASSETCATALOG_COMPILER_APPICON_NAME = AppIcon;
				COMBINE_HIDPI_IMAGES = YES;
				GENERATE_INFOPLIST_FILE = YES;
				INFOPLIST_KEY_CFBundleDisplayName = PhotoEditor;
				INFOPLIST_KEY_LSApplicationCategoryType = "public.app-category.photography";
				INFOPLIST_KEY_NSHumanReadableCopyright = "";
				LD_RUNPATH_SEARCH_PATHS = (
					"$(inherited)",
					"@executable_path/../Frameworks",
				);
				PRODUCT_BUNDLE_IDENTIFIER = com.photoeditor.app;
				PRODUCT_NAME = PhotoEditor;
				SDKROOT = macosx;
			};
			name = Debug;
		};
/* End XCBuildConfiguration section */

/* Begin XCConfigurationList section */
		027CC7B61B0C9EBDF73DE227 /* Build configuration list for PBXProject "PhotoEditor" */ = {
			isa = XCConfigurationList;
			buildConfigurations = (
				83968B756F5B9C635A315128 /* Debug */,
				9291546A7621DB36D938C800 /* Release */,
			);
			defaultConfigurationIsVisible = 0;
			defaultConfigurationName = Debug;
		};
		29A44987D76D5494322C14F8 /* Build configuration list for PBXNativeTarget "PhotoEditorTests" */ = {
			isa = XCConfigurationList;
			buildConfigurations = (
				416AEC8C65F4A3A41A44CE09 /* Debug */,
				83A4EB85FC9E7AE2557F796D /* Release */,
			);
			defaultConfigurationIsVisible = 0;
			defaultConfigurationName = Debug;
		};
		FA320B698FC050B3607B76E4 /* Build configuration list for PBXNativeTarget "PhotoEditor" */ = {
			isa = XCConfigurationList;
			buildConfigurations = (
				C916B94E7E088387D04024E7 /* Debug */,
				32CDCAA772BAEE7D1B91C8F2 /* Release */,
			);
			defaultConfigurationIsVisible = 0;
			defaultConfigurationName = Debug;
		};
/* End XCConfigurationList section */

/* Begin XCRemoteSwiftPackageReference section */
		310DA6CF71D7F43E388FA48C /* XCRemoteSwiftPackageReference "GRDB.swift" */ = {
			isa = XCRemoteSwiftPackageReference;
			repositoryURL = "https://github.com/groue/GRDB.swift";
			requirement = {
				kind = upToNextMajorVersion;
				minimumVersion = 6.0.0;
			};
		};
/* End XCRemoteSwiftPackageReference section */

/* Begin XCSwiftPackageProductDependency section */
		3F4EDBF61BFD5A46628D40DB /* GRDB */ = {
			isa = XCSwiftPackageProductDependency;
			package = 310DA6CF71D7F43E388FA48C /* XCRemoteSwiftPackageReference "GRDB.swift" */;
			productName = GRDB;
		};
/* End XCSwiftPackageProductDependency section */
	};
	rootObject = F4E6721A5EC820DA0BABAEB6 /* Project object */;
}
